# This file is automatically @generated by Poetry 1.4.0 and should not be changed by hand.

[[package]]
name = "mutagen"
version = "1.46.0"
description = "read and write audio tags for many formats"
category = "main"
optional = false
python-versions = ">=3.7"
files = [
    {file = "mutagen-1.46.0-py3-none-any.whl", hash = "sha256:8af0728aa2d5c3ee5a727e28d0627966641fddfe804c23eabb5926a4d770aed5"},
    {file = "mutagen-1.46.0.tar.gz", hash = "sha256:6e5f8ba84836b99fe60be5fb27f84be4ad919bbb6b49caa6ae81e70584b55e58"},
]

[metadata]
lock-version = "2.0"
python-versions = "^3.10"
content-hash = "b4b4b5ab0af9bc56f7b389e470cf4f9d1e7d22952e6380bfa7042da6097cfc21"
